# THIS IS AN AUTOGENERATED FILE. DO NOT EDIT THIS FILE DIRECTLY.
# yarn lockfile v1


"@nekosu/maa-node-darwin-arm64@1.4.5":
  version "1.4.5"
  resolved "https://registry.yarnpkg.com/@nekosu/maa-node-darwin-arm64/-/maa-node-darwin-arm64-1.4.5.tgz#65aedd2e93afb57fd079a7b04c95fa7daddd5e02"
  integrity sha512-28QpUK39COjDiYJSwaamxOQ0o0ZGiVDn/yROMuZlzvrJpV2ffMIyZAtF9cWWNV592xgQ/Uz4DHLMfAuASUzOMQ==

"@nekosu/maa-node-darwin-x64@1.4.5":
  version "1.4.5"
  resolved "https://registry.yarnpkg.com/@nekosu/maa-node-darwin-x64/-/maa-node-darwin-x64-1.4.5.tgz#8158d20b6729fd2cd7614c555066c8cafd443a10"
  integrity sha512-wLX2vCaOm8bbH4vpnb7LUfTz2oe3CniQgQ6rm35M/wVystmn/043aFpKp8FP9WxmQF0qMbbhqdhY/x45SUfgvA==

"@nekosu/maa-node-linux-arm64@1.4.5":
  version "1.4.5"
  resolved "https://registry.yarnpkg.com/@nekosu/maa-node-linux-arm64/-/maa-node-linux-arm64-1.4.5.tgz#4a3092690d2fa8ebb5f6bd46765c5499adf521d4"
  integrity sha512-JqFagd3eZFEeV/z0Mk8YOn33WqaiPdO/mT71hP/0zXRm6b7YL97XEOjyAkFvMY6wrimHr362ZHlcvu+v7n/yow==

"@nekosu/maa-node-linux-x64@1.4.5":
  version "1.4.5"
  resolved "https://registry.yarnpkg.com/@nekosu/maa-node-linux-x64/-/maa-node-linux-x64-1.4.5.tgz#8e7d75559ebb977e7ed652ae6ef340f7a9e61f67"
  integrity sha512-1eOGvQLlAu55FwjvxjfejeRBk8H1MWGSj/JGAQkFll2GHDqs5UKoatHytKo3BikJNoKlMxVmjnmSLYtMj9QdHA==

"@nekosu/maa-node-win32-arm64@1.4.5":
  version "1.4.5"
  resolved "https://registry.yarnpkg.com/@nekosu/maa-node-win32-arm64/-/maa-node-win32-arm64-1.4.5.tgz#e001ff44c33b070e80daa9baf3939c7509a3b54e"
  integrity sha512-Q6cesIb3Od6l76qzEAhHyk/2bIniJTkn8Q3X9igRunUj+jYB4rCKtoOIIKE9NVij5vkO6WjaJC0n1oqIJ9sFnA==

"@nekosu/maa-node-win32-x64@1.4.5", "@nekosu/maa-node-win32-x64@^1.4.5":
  version "1.4.5"
  resolved "https://registry.yarnpkg.com/@nekosu/maa-node-win32-x64/-/maa-node-win32-x64-1.4.5.tgz#d44a7c708a445be9decc93b0c339df4011e416d7"
  integrity sha512-F6yIlH/SEir98kSL38mqrQmY5jfmLGpw74I53QgOdgVm7hPtrV/zu/be8tSKCJd1QINkorb22uRNiyBRf64ggg==

"@nekosu/maa-node@^1.4.5":
  version "1.4.5"
  resolved "https://registry.yarnpkg.com/@nekosu/maa-node/-/maa-node-1.4.5.tgz#5e149523fb785c373271885b6da14f78ded3fe44"
  integrity sha512-wA+sFKFLW8/5tIM4G7RCGhHn9OOYb9OP3gDa0uuQgo5gpO3k2m6badzQfo8llpZF6zTK1D975P57YtE35yli2A==
  optionalDependencies:
    "@nekosu/maa-node-darwin-arm64" "1.4.5"
    "@nekosu/maa-node-darwin-x64" "1.4.5"
    "@nekosu/maa-node-linux-arm64" "1.4.5"
    "@nekosu/maa-node-linux-x64" "1.4.5"
    "@nekosu/maa-node-win32-arm64" "1.4.5"
    "@nekosu/maa-node-win32-x64" "1.4.5"
